
Microsoft Visual Studio Solution File, Format Version 12.00
# Visual Studio 15
VisualStudioVersion = 15.0.28307.1145
MinimumVisualStudioVersion = 10.0.40219.1
Project("{FAE04EC0-301F-11D3-BF4B-00C04F79EFBC}") = "Repository", "Repository\Repository.csproj", "{DD54EE90-9AF5-4D5C-BBC3-6E1BA7C15057}"
EndProject
Project("{FAE04EC0-301F-11D3-BF4B-00C04F79EFBC}") = "BookFinder.Winform", "BookFinder.Winform\BookFinder.Winform.csproj", "{CA8C68D6-A4A8-4EFE-BBD3-BAD34394D8DC}"
EndProject
Project("{FAE04EC0-301F-11D3-BF4B-00C04F79EFBC}") = "Common", "Common\Common.csproj", "{DF6C3BE3-65BF-40BE-AB84-AC2106E1DB64}"
EndProject
Global
	GlobalSection(SolutionConfigurationPlatforms) = preSolution
		Debug|Any CPU = Debug|Any CPU
		Release|Any CPU = Release|Any CPU
	EndGlobalSection
	GlobalSection(ProjectConfigurationPlatforms) = postSolution
		{DD54EE90-9AF5-4D5C-BBC3-6E1BA7C15057}.Debug|Any CPU.ActiveCfg = Debug|Any CPU
		{DD54EE90-9AF5-4D5C-BBC3-6E1BA7C15057}.Debug|Any CPU.Build.0 = Debug|Any CPU
		{DD54EE90-9AF5-4D5C-BBC3-6E1BA7C15057}.Release|Any CPU.ActiveCfg = Release|Any CPU
		{DD54EE90-9AF5-4D5C-BBC3-6E1BA7C15057}.Release|Any CPU.Build.0 = Release|Any CPU
		{CA8C68D6-A4A8-4EFE-BBD3-BAD34394D8DC}.Debug|Any CPU.ActiveCfg = Debug|Any CPU
		{CA8C68D6-A4A8-4EFE-BBD3-BAD34394D8DC}.Debug|Any CPU.Build.0 = Debug|Any CPU
		{CA8C68D6-A4A8-4EFE-BBD3-BAD34394D8DC}.Release|Any CPU.ActiveCfg = Release|Any CPU
		{CA8C68D6-A4A8-4EFE-BBD3-BAD34394D8DC}.Release|Any CPU.Build.0 = Release|Any CPU
		{DF6C3BE3-65BF-40BE-AB84-AC2106E1DB64}.Debug|Any CPU.ActiveCfg = Debug|Any CPU
		{DF6C3BE3-65BF-40BE-AB84-AC2106E1DB64}.Debug|Any CPU.Build.0 = Debug|Any CPU
		{DF6C3BE3-65BF-40BE-AB84-AC2106E1DB64}.Release|Any CPU.ActiveCfg = Release|Any CPU
		{DF6C3BE3-65BF-40BE-AB84-AC2106E1DB64}.Release|Any CPU.Build.0 = Release|Any CPU
	EndGlobalSection
	GlobalSection(SolutionProperties) = preSolution
		HideSolutionNode = FALSE
	EndGlobalSection
	GlobalSection(ExtensibilityGlobals) = postSolution
		SolutionGuid = {8BF078BE-9695-4F0C-8611-76DA0473B291}
	EndGlobalSection
EndGlobal
